
Microsoft Visual Studio Solution File, Format Version 12.00
# Visual Studio Version 16
VisualStudioVersion = 16.0.28922.388
MinimumVisualStudioVersion = 10.0.40219.1
Project("{FAE04EC0-301F-11D3-BF4B-00C04F79EFBC}") = "Dot-net-core", "Dot-net-core\Dot-net-core.csproj", "{A1F712BD-3660-430E-A3F5-49527CD36683}"
EndProject
Project("{FAE04EC0-301F-11D3-BF4B-00C04F79EFBC}") = "OdeToFood.Core", "odeToFood.Core\OdeToFood.Core.csproj", "{FEC940B1-8B4C-40A0-9A80-0A70AFC35045}"
EndProject
Project("{FAE04EC0-301F-11D3-BF4B-00C04F79EFBC}") = "OdeToFood.data", "OdeToFood.data\OdeToFood.data.csproj", "{8ABFF844-CC03-4A1B-B103-52B53FBD7C64}"
EndProject
Global
	GlobalSection(SolutionConfigurationPlatforms) = preSolution
		Debug|Any CPU = Debug|Any CPU
		Release|Any CPU = Release|Any CPU
	EndGlobalSection
	GlobalSection(ProjectConfigurationPlatforms) = postSolution
		{A1F712BD-3660-430E-A3F5-49527CD36683}.Debug|Any CPU.ActiveCfg = Debug|Any CPU
		{A1F712BD-3660-430E-A3F5-49527CD36683}.Debug|Any CPU.Build.0 = Debug|Any CPU
		{A1F712BD-3660-430E-A3F5-49527CD36683}.Release|Any CPU.ActiveCfg = Release|Any CPU
		{A1F712BD-3660-430E-A3F5-49527CD36683}.Release|Any CPU.Build.0 = Release|Any CPU
		{FEC940B1-8B4C-40A0-9A80-0A70AFC35045}.Debug|Any CPU.ActiveCfg = Debug|Any CPU
		{FEC940B1-8B4C-40A0-9A80-0A70AFC35045}.Debug|Any CPU.Build.0 = Debug|Any CPU
		{FEC940B1-8B4C-40A0-9A80-0A70AFC35045}.Release|Any CPU.ActiveCfg = Release|Any CPU
		{FEC940B1-8B4C-40A0-9A80-0A70AFC35045}.Release|Any CPU.Build.0 = Release|Any CPU
		{8ABFF844-CC03-4A1B-B103-52B53FBD7C64}.Debug|Any CPU.ActiveCfg = Debug|Any CPU
		{8ABFF844-CC03-4A1B-B103-52B53FBD7C64}.Debug|Any CPU.Build.0 = Debug|Any CPU
		{8ABFF844-CC03-4A1B-B103-52B53FBD7C64}.Release|Any CPU.ActiveCfg = Release|Any CPU
		{8ABFF844-CC03-4A1B-B103-52B53FBD7C64}.Release|Any CPU.Build.0 = Release|Any CPU
	EndGlobalSection
	GlobalSection(SolutionProperties) = preSolution
		HideSolutionNode = FALSE
	EndGlobalSection
	GlobalSection(ExtensibilityGlobals) = postSolution
		SolutionGuid = {D3CB76C3-BCC5-415A-9F46-520DB3F8598A}
	EndGlobalSection
EndGlobal
